
Microsoft Visual Studio Solution File, Format Version 10.00
# Visual Studio 2008
Project("{D183A3D8-5FD8-494B-B014-37F57B35E655}") = "Import into account_territoryBase", "Import into account_territoryBase\Import into account_territoryBase.dtproj", "{8F59C76A-10F7-455B-A9D4-5E5B234EF7F8}"
EndProject
Global
	GlobalSection(SolutionConfigurationPlatforms) = preSolution
		Development|Default = Development|Default
	EndGlobalSection
	GlobalSection(ProjectConfigurationPlatforms) = postSolution
		{8F59C76A-10F7-455B-A9D4-5E5B234EF7F8}.Development|Default.ActiveCfg = Development
		{8F59C76A-10F7-455B-A9D4-5E5B234EF7F8}.Development|Default.Build.0 = Development
	EndGlobalSection
	GlobalSection(SolutionProperties) = preSolution
		HideSolutionNode = FALSE
	EndGlobalSection
EndGlobal
