
Microsoft Visual Studio Solution File, Format Version 11.00
# Visual Studio 2010
Project("{FAE04EC0-301F-11D3-BF4B-00C04F79EFBC}") = "CRM2011Helpers", "CRM2011Helpers.csproj", "{550F3F56-5695-4841-98BF-4C14ED2EBD45}"
EndProject
Global
	GlobalSection(TeamFoundationVersionControl) = preSolution
		SccNumberOfProjects = 2
		SccEnterpriseProvider = {4CA58AB2-18FA-4F8D-95D4-32DDF27D184C}
		SccTeamFoundationServer = http://bocp-p-tfs0:8080/tfs/verathon
		SccLocalPath0 = .
		SccProjectUniqueName1 = CRM2011Helpers.csproj
		SccLocalPath1 = .
	EndGlobalSection
	GlobalSection(SolutionConfigurationPlatforms) = preSolution
		Debug|Any CPU = Debug|Any CPU
		Release|Any CPU = Release|Any CPU
	EndGlobalSection
	GlobalSection(ProjectConfigurationPlatforms) = postSolution
		{550F3F56-5695-4841-98BF-4C14ED2EBD45}.Debug|Any CPU.ActiveCfg = Debug|Any CPU
		{550F3F56-5695-4841-98BF-4C14ED2EBD45}.Debug|Any CPU.Build.0 = Debug|Any CPU
		{550F3F56-5695-4841-98BF-4C14ED2EBD45}.Release|Any CPU.ActiveCfg = Release|Any CPU
		{550F3F56-5695-4841-98BF-4C14ED2EBD45}.Release|Any CPU.Build.0 = Release|Any CPU
	EndGlobalSection
	GlobalSection(SolutionProperties) = preSolution
		HideSolutionNode = FALSE
	EndGlobalSection
EndGlobal
