
Microsoft Visual Studio Solution File, Format Version 10.00
# Visual Studio 2008
Project("{D183A3D8-5FD8-494B-B014-37F57B35E655}") = "Delete Contacts", "Delete Contacts\Delete Contacts.dtproj", "{E877E91E-0416-44FA-B4CC-18474354B9FE}"
EndProject
Global
	GlobalSection(SolutionConfigurationPlatforms) = preSolution
		Development|Default = Development|Default
	EndGlobalSection
	GlobalSection(ProjectConfigurationPlatforms) = postSolution
		{E877E91E-0416-44FA-B4CC-18474354B9FE}.Development|Default.ActiveCfg = Development
		{E877E91E-0416-44FA-B4CC-18474354B9FE}.Development|Default.Build.0 = Development
	EndGlobalSection
	GlobalSection(SolutionProperties) = preSolution
		HideSolutionNode = FALSE
	EndGlobalSection
EndGlobal
