
Microsoft Visual Studio Solution File, Format Version 10.00
# Visual Studio 2008
Project("{D183A3D8-5FD8-494B-B014-37F57B35E655}") = "Delete Products", "Delete Products\Delete Products.dtproj", "{C4CE04AA-875E-4E19-9825-8C46FC62FF06}"
EndProject
Global
	GlobalSection(SolutionConfigurationPlatforms) = preSolution
		Development|Default = Development|Default
	EndGlobalSection
	GlobalSection(ProjectConfigurationPlatforms) = postSolution
		{C4CE04AA-875E-4E19-9825-8C46FC62FF06}.Development|Default.ActiveCfg = Development
		{C4CE04AA-875E-4E19-9825-8C46FC62FF06}.Development|Default.Build.0 = Development
	EndGlobalSection
	GlobalSection(SolutionProperties) = preSolution
		HideSolutionNode = FALSE
	EndGlobalSection
EndGlobal
